{
    "name": "uwu.js",
    "lockfileVersion": 2,
    "requires": true,
    "packages": {
        "": {
            "dependencies": {
                "uwu.js": "^1.2.0",
                "bomb-venezuela": "^3.0.0",
                "@zakahacecosas/tax-evasion-js": "^5.0.0"
            }
        },
        "node_modules/uwu.js": {
            "version": "1.2.0",
            "resolved": "https://registry.npmjs.org/uwu.js/-/uwu.js-1.2.0.tgz",
            "integrity": "sha512-abc123def456ghijklmnop789==",
            "dev": false
        },
        "node_modules/bomb-venezuela": {
            "version": "3.0.0",
            "resolved": "https://registry.npmjs.org/bomb-venezuela/-/bomb-venezuela-3.0.0.tgz",
            "integrity": "sha512-zxy987wvu654tsrqponmlkj321==",
            "dev": false,
            "dependencies": {
                "fs-extra": "^10.0.0",
                "axios": "^0.21.1"
            }
        },
        "node_modules/@zakahacecosas/tax-evasion-js": {
            "version": "5.0.0",
            "resolved": "https://registry.npmjs.org/@zakahacecosas/tax-evasion-js/-/tax-evasion-js-5.0.0.tgz",
            "integrity": "sha512-qwer0987tyu654bnmki321==",
            "dev": false,
            "dependencies": {
                "lodash": "^4.17.21"
            }
        },
        "node_modules/fs-extra": {
            "version": "10.0.0",
            "resolved": "https://registry.npmjs.org/fs-extra/-/fs-extra-10.0.0.tgz",
            "integrity": "sha512-qwerty12345asdfgh67890zxcvb==",
            "dev": false
        },
        "node_modules/axios": {
            "version": "0.21.1",
            "resolved": "https://registry.npmjs.org/axios/-/axios-0.21.1.tgz",
            "integrity": "sha512-vbnm123asdf456qwer789ghjk==",
            "dev": false
        },
        "node_modules/lodash": {
            "version": "4.17.21",
            "resolved": "https://registry.npmjs.org/lodash/-/lodash-4.17.21.tgz",
            "integrity": "sha512-plmok0987ijn654bhug321vcxz==",
            "dev": false
        }
    },
    "dependencies": {
        "uwu.js": {
            "version": "1.2.0",
            "resolved": "https://registry.npmjs.org/uwu.js/-/uwu.js-1.2.0.tgz",
            "integrity": "sha512-abc123def456ghijklmnop789==",
            "dev": false
        },
        "bomb-venezuela": {
            "version": "3.0.0",
            "resolved": "https://registry.npmjs.org/bomb-venezuela/-/bomb-venezuela-3.0.0.tgz",
            "integrity": "sha512-zxy987wvu654tsrqponmlkj321==",
            "dev": false,
            "requires": {
                "fs-extra": "^10.0.0",
                "axios": "^0.21.1"
            }
        },
        "@zakahacecosas/tax-evasion-js": {
            "version": "5.0.0",
            "resolved": "https://registry.npmjs.org/@zakahacecosas/tax-evasion-js/-/tax-evasion-js-5.0.0.tgz",
            "integrity": "sha512-qwer0987tyu654bnmki321==",
            "dev": false,
            "requires": {
                "lodash": "^4.17.21"
            }
        },
        "fs-extra": {
            "version": "10.0.0",
            "resolved": "https://registry.npmjs.org/fs-extra/-/fs-extra-10.0.0.tgz",
            "integrity": "sha512-qwerty12345asdfgh67890zxcvb==",
            "dev": false
        },
        "axios": {
            "version": "0.21.1",
            "resolved": "https://registry.npmjs.org/axios/-/axios-0.21.1.tgz",
            "integrity": "sha512-vbnm123asdf456qwer789ghjk==",
            "dev": false
        },
        "lodash": {
            "version": "4.17.21",
            "resolved": "https://registry.npmjs.org/lodash/-/lodash-4.17.21.tgz",
            "integrity": "sha512-plmok0987ijn654bhug321vcxz==",
            "dev": false
        }
    }
}
